
Microsoft Visual Studio Solution File, Format Version 12.00
# Visual Studio Version 16
VisualStudioVersion = 16.0.31613.86
MinimumVisualStudioVersion = 10.0.40219.1
Project("{FAE04EC0-301F-11D3-BF4B-00C04F79EFBC}") = "csharp_tutorial_07_03", "csharp_tutorial_07_03\csharp_tutorial_07_03.csproj", "{2676B4BB-99EB-4F85-A87E-214BD2894264}"
EndProject
Global
	GlobalSection(SolutionConfigurationPlatforms) = preSolution
		Debug|Any CPU = Debug|Any CPU
		Release|Any CPU = Release|Any CPU
	EndGlobalSection
	GlobalSection(ProjectConfigurationPlatforms) = postSolution
		{2676B4BB-99EB-4F85-A87E-214BD2894264}.Debug|Any CPU.ActiveCfg = Debug|Any CPU
		{2676B4BB-99EB-4F85-A87E-214BD2894264}.Debug|Any CPU.Build.0 = Debug|Any CPU
		{2676B4BB-99EB-4F85-A87E-214BD2894264}.Release|Any CPU.ActiveCfg = Release|Any CPU
		{2676B4BB-99EB-4F85-A87E-214BD2894264}.Release|Any CPU.Build.0 = Release|Any CPU
	EndGlobalSection
	GlobalSection(SolutionProperties) = preSolution
		HideSolutionNode = FALSE
	EndGlobalSection
	GlobalSection(ExtensibilityGlobals) = postSolution
		SolutionGuid = {40896C35-85D3-46AC-A9BE-0717657C1A6A}
	EndGlobalSection
EndGlobal
