
Microsoft Visual Studio Solution File, Format Version 12.00
# Visual Studio Version 16
VisualStudioVersion = 16.0.31613.86
MinimumVisualStudioVersion = 10.0.40219.1
Project("{FAE04EC0-301F-11D3-BF4B-00C04F79EFBC}") = "csharp_tutorial_11_09", "csharp_tutorial_11_09\csharp_tutorial_11_09.csproj", "{31686D21-2EEC-4D18-88A9-F42496EE2CF9}"
EndProject
Global
	GlobalSection(SolutionConfigurationPlatforms) = preSolution
		Debug|Any CPU = Debug|Any CPU
		Release|Any CPU = Release|Any CPU
	EndGlobalSection
	GlobalSection(ProjectConfigurationPlatforms) = postSolution
		{31686D21-2EEC-4D18-88A9-F42496EE2CF9}.Debug|Any CPU.ActiveCfg = Debug|Any CPU
		{31686D21-2EEC-4D18-88A9-F42496EE2CF9}.Debug|Any CPU.Build.0 = Debug|Any CPU
		{31686D21-2EEC-4D18-88A9-F42496EE2CF9}.Release|Any CPU.ActiveCfg = Release|Any CPU
		{31686D21-2EEC-4D18-88A9-F42496EE2CF9}.Release|Any CPU.Build.0 = Release|Any CPU
	EndGlobalSection
	GlobalSection(SolutionProperties) = preSolution
		HideSolutionNode = FALSE
	EndGlobalSection
	GlobalSection(ExtensibilityGlobals) = postSolution
		SolutionGuid = {6F8B63F5-761E-471E-8577-E578E9BEEB0D}
	EndGlobalSection
EndGlobal
