
Microsoft Visual Studio Solution File, Format Version 12.00
# Visual Studio Version 16
VisualStudioVersion = 16.0.31613.86
MinimumVisualStudioVersion = 10.0.40219.1
Project("{FAE04EC0-301F-11D3-BF4B-00C04F79EFBC}") = "csharp_tutorial_13_02", "csharp_tutorial_13_02\csharp_tutorial_13_02.csproj", "{D93702F3-4F1E-4C9D-8489-8E829C733481}"
EndProject
Global
	GlobalSection(SolutionConfigurationPlatforms) = preSolution
		Debug|Any CPU = Debug|Any CPU
		Release|Any CPU = Release|Any CPU
	EndGlobalSection
	GlobalSection(ProjectConfigurationPlatforms) = postSolution
		{D93702F3-4F1E-4C9D-8489-8E829C733481}.Debug|Any CPU.ActiveCfg = Debug|Any CPU
		{D93702F3-4F1E-4C9D-8489-8E829C733481}.Debug|Any CPU.Build.0 = Debug|Any CPU
		{D93702F3-4F1E-4C9D-8489-8E829C733481}.Release|Any CPU.ActiveCfg = Release|Any CPU
		{D93702F3-4F1E-4C9D-8489-8E829C733481}.Release|Any CPU.Build.0 = Release|Any CPU
	EndGlobalSection
	GlobalSection(SolutionProperties) = preSolution
		HideSolutionNode = FALSE
	EndGlobalSection
	GlobalSection(ExtensibilityGlobals) = postSolution
		SolutionGuid = {5F9181AA-4A84-4583-99E2-5F4B9863D251}
	EndGlobalSection
EndGlobal
