
Microsoft Visual Studio Solution File, Format Version 12.00
# Visual Studio Version 16
VisualStudioVersion = 16.0.31613.86
MinimumVisualStudioVersion = 10.0.40219.1
Project("{FAE04EC0-301F-11D3-BF4B-00C04F79EFBC}") = "csharp_tutorial_04_01", "csharp_tutorial_04_01\csharp_tutorial_04_01.csproj", "{0FD89B4C-FF7C-4223-81C2-9335DAF72172}"
EndProject
Global
	GlobalSection(SolutionConfigurationPlatforms) = preSolution
		Debug|Any CPU = Debug|Any CPU
		Release|Any CPU = Release|Any CPU
	EndGlobalSection
	GlobalSection(ProjectConfigurationPlatforms) = postSolution
		{0FD89B4C-FF7C-4223-81C2-9335DAF72172}.Debug|Any CPU.ActiveCfg = Debug|Any CPU
		{0FD89B4C-FF7C-4223-81C2-9335DAF72172}.Debug|Any CPU.Build.0 = Debug|Any CPU
		{0FD89B4C-FF7C-4223-81C2-9335DAF72172}.Release|Any CPU.ActiveCfg = Release|Any CPU
		{0FD89B4C-FF7C-4223-81C2-9335DAF72172}.Release|Any CPU.Build.0 = Release|Any CPU
	EndGlobalSection
	GlobalSection(SolutionProperties) = preSolution
		HideSolutionNode = FALSE
	EndGlobalSection
	GlobalSection(ExtensibilityGlobals) = postSolution
		SolutionGuid = {D9A88F86-7774-47E8-9FCA-B529403E5DB1}
	EndGlobalSection
EndGlobal
