
Microsoft Visual Studio Solution File, Format Version 12.00
# Visual Studio Version 16
VisualStudioVersion = 16.0.31613.86
MinimumVisualStudioVersion = 10.0.40219.1
Project("{FAE04EC0-301F-11D3-BF4B-00C04F79EFBC}") = "csharp_tutorial_05_06", "csharp_tutorial_05_06\csharp_tutorial_05_06.csproj", "{06BE923A-8AF0-4B8D-85D7-428A26B4A833}"
EndProject
Global
	GlobalSection(SolutionConfigurationPlatforms) = preSolution
		Debug|Any CPU = Debug|Any CPU
		Release|Any CPU = Release|Any CPU
	EndGlobalSection
	GlobalSection(ProjectConfigurationPlatforms) = postSolution
		{06BE923A-8AF0-4B8D-85D7-428A26B4A833}.Debug|Any CPU.ActiveCfg = Debug|Any CPU
		{06BE923A-8AF0-4B8D-85D7-428A26B4A833}.Debug|Any CPU.Build.0 = Debug|Any CPU
		{06BE923A-8AF0-4B8D-85D7-428A26B4A833}.Release|Any CPU.ActiveCfg = Release|Any CPU
		{06BE923A-8AF0-4B8D-85D7-428A26B4A833}.Release|Any CPU.Build.0 = Release|Any CPU
	EndGlobalSection
	GlobalSection(SolutionProperties) = preSolution
		HideSolutionNode = FALSE
	EndGlobalSection
	GlobalSection(ExtensibilityGlobals) = postSolution
		SolutionGuid = {C08560F0-07D4-4618-A07D-0507004CFE63}
	EndGlobalSection
EndGlobal
