
Microsoft Visual Studio Solution File, Format Version 12.00
# Visual Studio Version 16
VisualStudioVersion = 16.0.31613.86
MinimumVisualStudioVersion = 10.0.40219.1
Project("{FAE04EC0-301F-11D3-BF4B-00C04F79EFBC}") = "csharp_tutorial_15_03", "csharp_tutorial_15_03\csharp_tutorial_15_03.csproj", "{900F8D74-CF5B-4B59-83F5-3AD78DE2AD3C}"
EndProject
Global
	GlobalSection(SolutionConfigurationPlatforms) = preSolution
		Debug|Any CPU = Debug|Any CPU
		Release|Any CPU = Release|Any CPU
	EndGlobalSection
	GlobalSection(ProjectConfigurationPlatforms) = postSolution
		{900F8D74-CF5B-4B59-83F5-3AD78DE2AD3C}.Debug|Any CPU.ActiveCfg = Debug|Any CPU
		{900F8D74-CF5B-4B59-83F5-3AD78DE2AD3C}.Debug|Any CPU.Build.0 = Debug|Any CPU
		{900F8D74-CF5B-4B59-83F5-3AD78DE2AD3C}.Release|Any CPU.ActiveCfg = Release|Any CPU
		{900F8D74-CF5B-4B59-83F5-3AD78DE2AD3C}.Release|Any CPU.Build.0 = Release|Any CPU
	EndGlobalSection
	GlobalSection(SolutionProperties) = preSolution
		HideSolutionNode = FALSE
	EndGlobalSection
	GlobalSection(ExtensibilityGlobals) = postSolution
		SolutionGuid = {B8714851-D712-4BFD-AB01-4024178A2A2D}
	EndGlobalSection
EndGlobal
