
Microsoft Visual Studio Solution File, Format Version 12.00
# Visual Studio Version 16
VisualStudioVersion = 16.0.31613.86
MinimumVisualStudioVersion = 10.0.40219.1
Project("{FAE04EC0-301F-11D3-BF4B-00C04F79EFBC}") = "csharp_tutorial_14_05", "csharp_tutorial_14_05\csharp_tutorial_14_05.csproj", "{EDD56C3E-1C71-4033-9693-9E1EF1481C4D}"
EndProject
Global
	GlobalSection(SolutionConfigurationPlatforms) = preSolution
		Debug|Any CPU = Debug|Any CPU
		Release|Any CPU = Release|Any CPU
	EndGlobalSection
	GlobalSection(ProjectConfigurationPlatforms) = postSolution
		{EDD56C3E-1C71-4033-9693-9E1EF1481C4D}.Debug|Any CPU.ActiveCfg = Debug|Any CPU
		{EDD56C3E-1C71-4033-9693-9E1EF1481C4D}.Debug|Any CPU.Build.0 = Debug|Any CPU
		{EDD56C3E-1C71-4033-9693-9E1EF1481C4D}.Release|Any CPU.ActiveCfg = Release|Any CPU
		{EDD56C3E-1C71-4033-9693-9E1EF1481C4D}.Release|Any CPU.Build.0 = Release|Any CPU
	EndGlobalSection
	GlobalSection(SolutionProperties) = preSolution
		HideSolutionNode = FALSE
	EndGlobalSection
	GlobalSection(ExtensibilityGlobals) = postSolution
		SolutionGuid = {86FBFDA7-8C30-4EC2-A6C2-10CDC0090975}
	EndGlobalSection
EndGlobal
