
Microsoft Visual Studio Solution File, Format Version 12.00
# Visual Studio Version 16
VisualStudioVersion = 16.0.31613.86
MinimumVisualStudioVersion = 10.0.40219.1
Project("{FAE04EC0-301F-11D3-BF4B-00C04F79EFBC}") = "csharp_tutorial_10_04", "csharp_tutorial_10_04\csharp_tutorial_10_04.csproj", "{40670A2B-5FA9-4BA7-B90D-295D7AA28598}"
EndProject
Global
	GlobalSection(SolutionConfigurationPlatforms) = preSolution
		Debug|Any CPU = Debug|Any CPU
		Release|Any CPU = Release|Any CPU
	EndGlobalSection
	GlobalSection(ProjectConfigurationPlatforms) = postSolution
		{40670A2B-5FA9-4BA7-B90D-295D7AA28598}.Debug|Any CPU.ActiveCfg = Debug|Any CPU
		{40670A2B-5FA9-4BA7-B90D-295D7AA28598}.Debug|Any CPU.Build.0 = Debug|Any CPU
		{40670A2B-5FA9-4BA7-B90D-295D7AA28598}.Release|Any CPU.ActiveCfg = Release|Any CPU
		{40670A2B-5FA9-4BA7-B90D-295D7AA28598}.Release|Any CPU.Build.0 = Release|Any CPU
	EndGlobalSection
	GlobalSection(SolutionProperties) = preSolution
		HideSolutionNode = FALSE
	EndGlobalSection
	GlobalSection(ExtensibilityGlobals) = postSolution
		SolutionGuid = {A46F9F58-E5EA-48EB-AE92-E588B720153F}
	EndGlobalSection
EndGlobal
