
Microsoft Visual Studio Solution File, Format Version 12.00
# Visual Studio Version 16
VisualStudioVersion = 16.0.31613.86
MinimumVisualStudioVersion = 10.0.40219.1
Project("{FAE04EC0-301F-11D3-BF4B-00C04F79EFBC}") = "csharp_tutorial_08_03", "csharp_tutorial_08_03\csharp_tutorial_08_03.csproj", "{02C79014-98EF-4EE5-9CB0-2FFBF46232A7}"
EndProject
Global
	GlobalSection(SolutionConfigurationPlatforms) = preSolution
		Debug|Any CPU = Debug|Any CPU
		Release|Any CPU = Release|Any CPU
	EndGlobalSection
	GlobalSection(ProjectConfigurationPlatforms) = postSolution
		{02C79014-98EF-4EE5-9CB0-2FFBF46232A7}.Debug|Any CPU.ActiveCfg = Debug|Any CPU
		{02C79014-98EF-4EE5-9CB0-2FFBF46232A7}.Debug|Any CPU.Build.0 = Debug|Any CPU
		{02C79014-98EF-4EE5-9CB0-2FFBF46232A7}.Release|Any CPU.ActiveCfg = Release|Any CPU
		{02C79014-98EF-4EE5-9CB0-2FFBF46232A7}.Release|Any CPU.Build.0 = Release|Any CPU
	EndGlobalSection
	GlobalSection(SolutionProperties) = preSolution
		HideSolutionNode = FALSE
	EndGlobalSection
	GlobalSection(ExtensibilityGlobals) = postSolution
		SolutionGuid = {56DF0724-9D04-4356-9374-F5B920E5F3BB}
	EndGlobalSection
EndGlobal
