
Microsoft Visual Studio Solution File, Format Version 12.00
# Visual Studio Version 16
VisualStudioVersion = 16.0.31613.86
MinimumVisualStudioVersion = 10.0.40219.1
Project("{FAE04EC0-301F-11D3-BF4B-00C04F79EFBC}") = "csharp_tutorial_16_08", "csharp_tutorial_16_08\csharp_tutorial_16_08.csproj", "{8D48F116-9141-44BF-A4A0-7B00324C32F5}"
EndProject
Global
	GlobalSection(SolutionConfigurationPlatforms) = preSolution
		Debug|Any CPU = Debug|Any CPU
		Release|Any CPU = Release|Any CPU
	EndGlobalSection
	GlobalSection(ProjectConfigurationPlatforms) = postSolution
		{8D48F116-9141-44BF-A4A0-7B00324C32F5}.Debug|Any CPU.ActiveCfg = Debug|Any CPU
		{8D48F116-9141-44BF-A4A0-7B00324C32F5}.Debug|Any CPU.Build.0 = Debug|Any CPU
		{8D48F116-9141-44BF-A4A0-7B00324C32F5}.Release|Any CPU.ActiveCfg = Release|Any CPU
		{8D48F116-9141-44BF-A4A0-7B00324C32F5}.Release|Any CPU.Build.0 = Release|Any CPU
	EndGlobalSection
	GlobalSection(SolutionProperties) = preSolution
		HideSolutionNode = FALSE
	EndGlobalSection
	GlobalSection(ExtensibilityGlobals) = postSolution
		SolutionGuid = {2EF249B8-C2F6-4043-ABC3-E51FDEB96280}
	EndGlobalSection
EndGlobal
