
Microsoft Visual Studio Solution File, Format Version 12.00
# Visual Studio Version 16
VisualStudioVersion = 16.0.31613.86
MinimumVisualStudioVersion = 10.0.40219.1
Project("{FAE04EC0-301F-11D3-BF4B-00C04F79EFBC}") = "csharp_tutorial_04_05", "csharp_tutorial_04_05\csharp_tutorial_04_05.csproj", "{0DB437AF-F9F1-4BB6-BB19-88EE39409F4F}"
EndProject
Global
	GlobalSection(SolutionConfigurationPlatforms) = preSolution
		Debug|Any CPU = Debug|Any CPU
		Release|Any CPU = Release|Any CPU
	EndGlobalSection
	GlobalSection(ProjectConfigurationPlatforms) = postSolution
		{0DB437AF-F9F1-4BB6-BB19-88EE39409F4F}.Debug|Any CPU.ActiveCfg = Debug|Any CPU
		{0DB437AF-F9F1-4BB6-BB19-88EE39409F4F}.Debug|Any CPU.Build.0 = Debug|Any CPU
		{0DB437AF-F9F1-4BB6-BB19-88EE39409F4F}.Release|Any CPU.ActiveCfg = Release|Any CPU
		{0DB437AF-F9F1-4BB6-BB19-88EE39409F4F}.Release|Any CPU.Build.0 = Release|Any CPU
	EndGlobalSection
	GlobalSection(SolutionProperties) = preSolution
		HideSolutionNode = FALSE
	EndGlobalSection
	GlobalSection(ExtensibilityGlobals) = postSolution
		SolutionGuid = {433169B1-D6CA-44F0-8C76-46FD28C67038}
	EndGlobalSection
EndGlobal
