
Microsoft Visual Studio Solution File, Format Version 12.00
# Visual Studio Version 16
VisualStudioVersion = 16.0.31613.86
MinimumVisualStudioVersion = 10.0.40219.1
Project("{FAE04EC0-301F-11D3-BF4B-00C04F79EFBC}") = "csharp_tutorial_11_12", "csharp_tutorial_11_12\csharp_tutorial_11_12.csproj", "{3F0DCC8B-5D31-44E4-88F0-40D234562E63}"
EndProject
Global
	GlobalSection(SolutionConfigurationPlatforms) = preSolution
		Debug|Any CPU = Debug|Any CPU
		Release|Any CPU = Release|Any CPU
	EndGlobalSection
	GlobalSection(ProjectConfigurationPlatforms) = postSolution
		{3F0DCC8B-5D31-44E4-88F0-40D234562E63}.Debug|Any CPU.ActiveCfg = Debug|Any CPU
		{3F0DCC8B-5D31-44E4-88F0-40D234562E63}.Debug|Any CPU.Build.0 = Debug|Any CPU
		{3F0DCC8B-5D31-44E4-88F0-40D234562E63}.Release|Any CPU.ActiveCfg = Release|Any CPU
		{3F0DCC8B-5D31-44E4-88F0-40D234562E63}.Release|Any CPU.Build.0 = Release|Any CPU
	EndGlobalSection
	GlobalSection(SolutionProperties) = preSolution
		HideSolutionNode = FALSE
	EndGlobalSection
	GlobalSection(ExtensibilityGlobals) = postSolution
		SolutionGuid = {F27C4708-12A1-4FAB-BEB6-31137066C7B1}
	EndGlobalSection
EndGlobal
