
Microsoft Visual Studio Solution File, Format Version 12.00
# Visual Studio Version 16
VisualStudioVersion = 16.0.31613.86
MinimumVisualStudioVersion = 10.0.40219.1
Project("{FAE04EC0-301F-11D3-BF4B-00C04F79EFBC}") = "csharp_tutorial_18_01", "csharp_tutorial_18_01\csharp_tutorial_18_01.csproj", "{74807079-39DA-4C00-A759-0B5BE296B38F}"
EndProject
Global
	GlobalSection(SolutionConfigurationPlatforms) = preSolution
		Debug|Any CPU = Debug|Any CPU
		Release|Any CPU = Release|Any CPU
	EndGlobalSection
	GlobalSection(ProjectConfigurationPlatforms) = postSolution
		{74807079-39DA-4C00-A759-0B5BE296B38F}.Debug|Any CPU.ActiveCfg = Debug|Any CPU
		{74807079-39DA-4C00-A759-0B5BE296B38F}.Debug|Any CPU.Build.0 = Debug|Any CPU
		{74807079-39DA-4C00-A759-0B5BE296B38F}.Release|Any CPU.ActiveCfg = Release|Any CPU
		{74807079-39DA-4C00-A759-0B5BE296B38F}.Release|Any CPU.Build.0 = Release|Any CPU
	EndGlobalSection
	GlobalSection(SolutionProperties) = preSolution
		HideSolutionNode = FALSE
	EndGlobalSection
	GlobalSection(ExtensibilityGlobals) = postSolution
		SolutionGuid = {34499D97-5AC5-4312-8882-A8EA803ECBDB}
	EndGlobalSection
EndGlobal
