
Microsoft Visual Studio Solution File, Format Version 12.00
# Visual Studio Version 16
VisualStudioVersion = 16.0.31613.86
MinimumVisualStudioVersion = 10.0.40219.1
Project("{FAE04EC0-301F-11D3-BF4B-00C04F79EFBC}") = "csharp_tutorial_16_18", "csharp_tutorial_16_18\csharp_tutorial_16_18.csproj", "{3863AEC5-06AD-433F-8EE6-419240CDC505}"
EndProject
Global
	GlobalSection(SolutionConfigurationPlatforms) = preSolution
		Debug|Any CPU = Debug|Any CPU
		Release|Any CPU = Release|Any CPU
	EndGlobalSection
	GlobalSection(ProjectConfigurationPlatforms) = postSolution
		{3863AEC5-06AD-433F-8EE6-419240CDC505}.Debug|Any CPU.ActiveCfg = Debug|Any CPU
		{3863AEC5-06AD-433F-8EE6-419240CDC505}.Debug|Any CPU.Build.0 = Debug|Any CPU
		{3863AEC5-06AD-433F-8EE6-419240CDC505}.Release|Any CPU.ActiveCfg = Release|Any CPU
		{3863AEC5-06AD-433F-8EE6-419240CDC505}.Release|Any CPU.Build.0 = Release|Any CPU
	EndGlobalSection
	GlobalSection(SolutionProperties) = preSolution
		HideSolutionNode = FALSE
	EndGlobalSection
	GlobalSection(ExtensibilityGlobals) = postSolution
		SolutionGuid = {767690B6-7D0C-48DC-A5C8-E4BB194DDC57}
	EndGlobalSection
EndGlobal
