
Microsoft Visual Studio Solution File, Format Version 12.00
# Visual Studio Version 16
VisualStudioVersion = 16.0.31613.86
MinimumVisualStudioVersion = 10.0.40219.1
Project("{FAE04EC0-301F-11D3-BF4B-00C04F79EFBC}") = "csharp_tutorial_16_11", "csharp_tutorial_16_11\csharp_tutorial_16_11.csproj", "{8E1AA233-028A-4256-9739-B942D28672E8}"
EndProject
Global
	GlobalSection(SolutionConfigurationPlatforms) = preSolution
		Debug|Any CPU = Debug|Any CPU
		Release|Any CPU = Release|Any CPU
	EndGlobalSection
	GlobalSection(ProjectConfigurationPlatforms) = postSolution
		{8E1AA233-028A-4256-9739-B942D28672E8}.Debug|Any CPU.ActiveCfg = Debug|Any CPU
		{8E1AA233-028A-4256-9739-B942D28672E8}.Debug|Any CPU.Build.0 = Debug|Any CPU
		{8E1AA233-028A-4256-9739-B942D28672E8}.Release|Any CPU.ActiveCfg = Release|Any CPU
		{8E1AA233-028A-4256-9739-B942D28672E8}.Release|Any CPU.Build.0 = Release|Any CPU
	EndGlobalSection
	GlobalSection(SolutionProperties) = preSolution
		HideSolutionNode = FALSE
	EndGlobalSection
	GlobalSection(ExtensibilityGlobals) = postSolution
		SolutionGuid = {5CE8649B-9F27-40EE-838D-9D2AC6D65AE1}
	EndGlobalSection
EndGlobal
