
Microsoft Visual Studio Solution File, Format Version 12.00
# Visual Studio Version 16
VisualStudioVersion = 16.0.31613.86
MinimumVisualStudioVersion = 10.0.40219.1
Project("{FAE04EC0-301F-11D3-BF4B-00C04F79EFBC}") = "csharp_tutorial_16_15", "csharp_tutorial_16_15\csharp_tutorial_16_15.csproj", "{879DAF6E-AC2A-4B21-AF33-D12DD3A1D8F9}"
EndProject
Global
	GlobalSection(SolutionConfigurationPlatforms) = preSolution
		Debug|Any CPU = Debug|Any CPU
		Release|Any CPU = Release|Any CPU
	EndGlobalSection
	GlobalSection(ProjectConfigurationPlatforms) = postSolution
		{879DAF6E-AC2A-4B21-AF33-D12DD3A1D8F9}.Debug|Any CPU.ActiveCfg = Debug|Any CPU
		{879DAF6E-AC2A-4B21-AF33-D12DD3A1D8F9}.Debug|Any CPU.Build.0 = Debug|Any CPU
		{879DAF6E-AC2A-4B21-AF33-D12DD3A1D8F9}.Release|Any CPU.ActiveCfg = Release|Any CPU
		{879DAF6E-AC2A-4B21-AF33-D12DD3A1D8F9}.Release|Any CPU.Build.0 = Release|Any CPU
	EndGlobalSection
	GlobalSection(SolutionProperties) = preSolution
		HideSolutionNode = FALSE
	EndGlobalSection
	GlobalSection(ExtensibilityGlobals) = postSolution
		SolutionGuid = {193B5241-4360-4CE9-A2DD-7299F4886BF2}
	EndGlobalSection
EndGlobal
