
Microsoft Visual Studio Solution File, Format Version 12.00
# Visual Studio Version 16
VisualStudioVersion = 16.0.31613.86
MinimumVisualStudioVersion = 10.0.40219.1
Project("{FAE04EC0-301F-11D3-BF4B-00C04F79EFBC}") = "csharp_tutorial_11_17", "csharp_tutorial_11_17\csharp_tutorial_11_17.csproj", "{5E564C76-1B3A-4334-B541-C3D8334DE466}"
EndProject
Global
	GlobalSection(SolutionConfigurationPlatforms) = preSolution
		Debug|Any CPU = Debug|Any CPU
		Release|Any CPU = Release|Any CPU
	EndGlobalSection
	GlobalSection(ProjectConfigurationPlatforms) = postSolution
		{5E564C76-1B3A-4334-B541-C3D8334DE466}.Debug|Any CPU.ActiveCfg = Debug|Any CPU
		{5E564C76-1B3A-4334-B541-C3D8334DE466}.Debug|Any CPU.Build.0 = Debug|Any CPU
		{5E564C76-1B3A-4334-B541-C3D8334DE466}.Release|Any CPU.ActiveCfg = Release|Any CPU
		{5E564C76-1B3A-4334-B541-C3D8334DE466}.Release|Any CPU.Build.0 = Release|Any CPU
	EndGlobalSection
	GlobalSection(SolutionProperties) = preSolution
		HideSolutionNode = FALSE
	EndGlobalSection
	GlobalSection(ExtensibilityGlobals) = postSolution
		SolutionGuid = {1FEE0EB7-E92E-4520-9F5C-C6EC69A87E55}
	EndGlobalSection
EndGlobal
