
Microsoft Visual Studio Solution File, Format Version 12.00
# Visual Studio Version 16
VisualStudioVersion = 16.0.31613.86
MinimumVisualStudioVersion = 10.0.40219.1
Project("{FAE04EC0-301F-11D3-BF4B-00C04F79EFBC}") = "csharp_tutorial_14_09", "csharp_tutorial_14_09\csharp_tutorial_14_09.csproj", "{65B67558-1063-494A-8752-0151BD3E5215}"
EndProject
Global
	GlobalSection(SolutionConfigurationPlatforms) = preSolution
		Debug|Any CPU = Debug|Any CPU
		Release|Any CPU = Release|Any CPU
	EndGlobalSection
	GlobalSection(ProjectConfigurationPlatforms) = postSolution
		{65B67558-1063-494A-8752-0151BD3E5215}.Debug|Any CPU.ActiveCfg = Debug|Any CPU
		{65B67558-1063-494A-8752-0151BD3E5215}.Debug|Any CPU.Build.0 = Debug|Any CPU
		{65B67558-1063-494A-8752-0151BD3E5215}.Release|Any CPU.ActiveCfg = Release|Any CPU
		{65B67558-1063-494A-8752-0151BD3E5215}.Release|Any CPU.Build.0 = Release|Any CPU
	EndGlobalSection
	GlobalSection(SolutionProperties) = preSolution
		HideSolutionNode = FALSE
	EndGlobalSection
	GlobalSection(ExtensibilityGlobals) = postSolution
		SolutionGuid = {6115290E-5221-46E3-BD38-8A28EC7EE98B}
	EndGlobalSection
EndGlobal
