
Microsoft Visual Studio Solution File, Format Version 12.00
# Visual Studio Version 16
VisualStudioVersion = 16.0.31613.86
MinimumVisualStudioVersion = 10.0.40219.1
Project("{FAE04EC0-301F-11D3-BF4B-00C04F79EFBC}") = "csharp_tutorial_14_12", "csharp_tutorial_14_12\csharp_tutorial_14_12.csproj", "{5DC60AF2-9DE0-47A7-B34E-8C11DB684F83}"
EndProject
Global
	GlobalSection(SolutionConfigurationPlatforms) = preSolution
		Debug|Any CPU = Debug|Any CPU
		Release|Any CPU = Release|Any CPU
	EndGlobalSection
	GlobalSection(ProjectConfigurationPlatforms) = postSolution
		{5DC60AF2-9DE0-47A7-B34E-8C11DB684F83}.Debug|Any CPU.ActiveCfg = Debug|Any CPU
		{5DC60AF2-9DE0-47A7-B34E-8C11DB684F83}.Debug|Any CPU.Build.0 = Debug|Any CPU
		{5DC60AF2-9DE0-47A7-B34E-8C11DB684F83}.Release|Any CPU.ActiveCfg = Release|Any CPU
		{5DC60AF2-9DE0-47A7-B34E-8C11DB684F83}.Release|Any CPU.Build.0 = Release|Any CPU
	EndGlobalSection
	GlobalSection(SolutionProperties) = preSolution
		HideSolutionNode = FALSE
	EndGlobalSection
	GlobalSection(ExtensibilityGlobals) = postSolution
		SolutionGuid = {DA599B52-EB84-47E8-A61F-22CF60C9FA0D}
	EndGlobalSection
EndGlobal
