
Microsoft Visual Studio Solution File, Format Version 12.00
# Visual Studio Version 16
VisualStudioVersion = 16.0.31613.86
MinimumVisualStudioVersion = 10.0.40219.1
Project("{FAE04EC0-301F-11D3-BF4B-00C04F79EFBC}") = "csharp_tutorial_17_13", "csharp_tutorial_17_13\csharp_tutorial_17_13.csproj", "{4D8C1C52-F2F0-4AFF-93A9-85C67469A470}"
EndProject
Global
	GlobalSection(SolutionConfigurationPlatforms) = preSolution
		Debug|Any CPU = Debug|Any CPU
		Release|Any CPU = Release|Any CPU
	EndGlobalSection
	GlobalSection(ProjectConfigurationPlatforms) = postSolution
		{4D8C1C52-F2F0-4AFF-93A9-85C67469A470}.Debug|Any CPU.ActiveCfg = Debug|Any CPU
		{4D8C1C52-F2F0-4AFF-93A9-85C67469A470}.Debug|Any CPU.Build.0 = Debug|Any CPU
		{4D8C1C52-F2F0-4AFF-93A9-85C67469A470}.Release|Any CPU.ActiveCfg = Release|Any CPU
		{4D8C1C52-F2F0-4AFF-93A9-85C67469A470}.Release|Any CPU.Build.0 = Release|Any CPU
	EndGlobalSection
	GlobalSection(SolutionProperties) = preSolution
		HideSolutionNode = FALSE
	EndGlobalSection
	GlobalSection(ExtensibilityGlobals) = postSolution
		SolutionGuid = {5A21A1E1-B4CB-4D56-A542-07ACCF32A83F}
	EndGlobalSection
EndGlobal
