
Microsoft Visual Studio Solution File, Format Version 12.00
# Visual Studio Version 16
VisualStudioVersion = 16.0.31624.102
MinimumVisualStudioVersion = 10.0.40219.1
Project("{9A19103F-16F7-4668-BE54-9A1E7A4F7556}") = "asp_cprompt_vstudio_test", "asp_cprompt_vstudio_test.csproj", "{DC2FB4A0-5647-49C4-A56C-9BBB7BF789F8}"
EndProject
Global
	GlobalSection(SolutionConfigurationPlatforms) = preSolution
		Debug|Any CPU = Debug|Any CPU
		Release|Any CPU = Release|Any CPU
	EndGlobalSection
	GlobalSection(ProjectConfigurationPlatforms) = postSolution
		{DC2FB4A0-5647-49C4-A56C-9BBB7BF789F8}.Debug|Any CPU.ActiveCfg = Debug|Any CPU
		{DC2FB4A0-5647-49C4-A56C-9BBB7BF789F8}.Debug|Any CPU.Build.0 = Debug|Any CPU
		{DC2FB4A0-5647-49C4-A56C-9BBB7BF789F8}.Release|Any CPU.ActiveCfg = Release|Any CPU
		{DC2FB4A0-5647-49C4-A56C-9BBB7BF789F8}.Release|Any CPU.Build.0 = Release|Any CPU
	EndGlobalSection
	GlobalSection(SolutionProperties) = preSolution
		HideSolutionNode = FALSE
	EndGlobalSection
	GlobalSection(ExtensibilityGlobals) = postSolution
		SolutionGuid = {D2F2474B-C3A9-4B0A-94AB-843D367B5FD0}
	EndGlobalSection
EndGlobal
